
Microsoft Visual Studio Solution File, Format Version 12.00
# Visual Studio Version 16
VisualStudioVersion = 16.0.30804.86
MinimumVisualStudioVersion = 10.0.40219.1
Project("{FAE04EC0-301F-11D3-BF4B-00C04F79EFBC}") = "NUnitTestProject1TA_final_BBC1_Part2_Task3.1", "NUnitTestProject1TA_final_BBC1_Part2_Task3.1.csproj", "{69738A08-E0C9-498C-900C-96F29B06ACBE}"
EndProject
Global
	GlobalSection(SolutionConfigurationPlatforms) = preSolution
		Debug|Any CPU = Debug|Any CPU
		Release|Any CPU = Release|Any CPU
	EndGlobalSection
	GlobalSection(ProjectConfigurationPlatforms) = postSolution
		{69738A08-E0C9-498C-900C-96F29B06ACBE}.Debug|Any CPU.ActiveCfg = Debug|Any CPU
		{69738A08-E0C9-498C-900C-96F29B06ACBE}.Debug|Any CPU.Build.0 = Debug|Any CPU
		{69738A08-E0C9-498C-900C-96F29B06ACBE}.Release|Any CPU.ActiveCfg = Release|Any CPU
		{69738A08-E0C9-498C-900C-96F29B06ACBE}.Release|Any CPU.Build.0 = Release|Any CPU
	EndGlobalSection
	GlobalSection(SolutionProperties) = preSolution
		HideSolutionNode = FALSE
	EndGlobalSection
	GlobalSection(ExtensibilityGlobals) = postSolution
		SolutionGuid = {06B96477-E1F9-443D-ACEC-4AD55FDE52D6}
	EndGlobalSection
EndGlobal
