
Microsoft Visual Studio Solution File, Format Version 12.00
# Visual Studio Version 16
VisualStudioVersion = 16.0.31729.503
MinimumVisualStudioVersion = 10.0.40219.1
Project("{9A19103F-16F7-4668-BE54-9A1E7A4F7556}") = "TASK_1_TEST", "TASK_1_TEST\TASK_1_TEST.csproj", "{79CA60DC-C6F6-4928-833D-0D1E9661706C}"
EndProject
Global
	GlobalSection(SolutionConfigurationPlatforms) = preSolution
		Debug|Any CPU = Debug|Any CPU
		Release|Any CPU = Release|Any CPU
	EndGlobalSection
	GlobalSection(ProjectConfigurationPlatforms) = postSolution
		{79CA60DC-C6F6-4928-833D-0D1E9661706C}.Debug|Any CPU.ActiveCfg = Debug|Any CPU
		{79CA60DC-C6F6-4928-833D-0D1E9661706C}.Debug|Any CPU.Build.0 = Debug|Any CPU
		{79CA60DC-C6F6-4928-833D-0D1E9661706C}.Release|Any CPU.ActiveCfg = Release|Any CPU
		{79CA60DC-C6F6-4928-833D-0D1E9661706C}.Release|Any CPU.Build.0 = Release|Any CPU
	EndGlobalSection
	GlobalSection(SolutionProperties) = preSolution
		HideSolutionNode = FALSE
	EndGlobalSection
	GlobalSection(ExtensibilityGlobals) = postSolution
		SolutionGuid = {71175669-DD0D-43C6-92D0-8E5DFBA63CAE}
	EndGlobalSection
EndGlobal
