
Microsoft Visual Studio Solution File, Format Version 12.00
# Visual Studio Version 16
VisualStudioVersion = 16.0.32106.194
MinimumVisualStudioVersion = 10.0.40219.1
Project("{9A19103F-16F7-4668-BE54-9A1E7A4F7556}") = "BBC1_Project", "BBC1_Project.csproj", "{656F2BCA-61D8-402B-9AB6-7D3BB195ECEE}"
EndProject
Global
	GlobalSection(SolutionConfigurationPlatforms) = preSolution
		Debug|Any CPU = Debug|Any CPU
		Release|Any CPU = Release|Any CPU
	EndGlobalSection
	GlobalSection(ProjectConfigurationPlatforms) = postSolution
		{656F2BCA-61D8-402B-9AB6-7D3BB195ECEE}.Debug|Any CPU.ActiveCfg = Debug|Any CPU
		{656F2BCA-61D8-402B-9AB6-7D3BB195ECEE}.Debug|Any CPU.Build.0 = Debug|Any CPU
		{656F2BCA-61D8-402B-9AB6-7D3BB195ECEE}.Release|Any CPU.ActiveCfg = Release|Any CPU
		{656F2BCA-61D8-402B-9AB6-7D3BB195ECEE}.Release|Any CPU.Build.0 = Release|Any CPU
	EndGlobalSection
	GlobalSection(SolutionProperties) = preSolution
		HideSolutionNode = FALSE
	EndGlobalSection
	GlobalSection(ExtensibilityGlobals) = postSolution
		SolutionGuid = {66537C5E-F580-4B0C-BDDA-AE4DFF079238}
	EndGlobalSection
EndGlobal
