
Microsoft Visual Studio Solution File, Format Version 12.00
# Visual Studio Version 16
VisualStudioVersion = 16.0.32106.194
MinimumVisualStudioVersion = 10.0.40219.1
Project("{FAE04EC0-301F-11D3-BF4B-00C04F79EFBC}") = "Loremipsum_BDD", "Loremipsum_BDD.csproj", "{C32DF1BC-45EB-4418-A283-004D42373AAD}"
EndProject
Global
	GlobalSection(SolutionConfigurationPlatforms) = preSolution
		Debug|Any CPU = Debug|Any CPU
		Release|Any CPU = Release|Any CPU
	EndGlobalSection
	GlobalSection(ProjectConfigurationPlatforms) = postSolution
		{C32DF1BC-45EB-4418-A283-004D42373AAD}.Debug|Any CPU.ActiveCfg = Debug|Any CPU
		{C32DF1BC-45EB-4418-A283-004D42373AAD}.Debug|Any CPU.Build.0 = Debug|Any CPU
		{C32DF1BC-45EB-4418-A283-004D42373AAD}.Release|Any CPU.ActiveCfg = Release|Any CPU
		{C32DF1BC-45EB-4418-A283-004D42373AAD}.Release|Any CPU.Build.0 = Release|Any CPU
	EndGlobalSection
	GlobalSection(SolutionProperties) = preSolution
		HideSolutionNode = FALSE
	EndGlobalSection
	GlobalSection(ExtensibilityGlobals) = postSolution
		SolutionGuid = {29359B90-417F-43E1-8F8A-47BF6F510358}
	EndGlobalSection
EndGlobal
